<?xml version="1.0" encoding="utf-8"?>
<Project ToolsVersion="4.0" xmlns="http://schemas.microsoft.com/developer/msbuild/2003">
  <ItemGroup>
    <Filter Include="Source Files">
      <UniqueIdentifier>{4FC737F1-C7A5-4376-A066-2A32D752A2FF}</UniqueIdentifier>
      <Extensions>cpp;c;cc;cxx;c++;cppm;ixx;def;odl;idl;hpj;bat;asm;asmx</Extensions>
    </Filter>
    <Filter Include="Header Files">
      <UniqueIdentifier>{93995380-89BD-4b04-88EB-625FBE52EBFB}</UniqueIdentifier>
      <Extensions>h;hh;hpp;hxx;h++;hm;inl;inc;ipp;xsd</Extensions>
    </Filter>
    <Filter Include="Resource Files">
      <UniqueIdentifier>{67DA6AB6-F800-4c08-8B7A-83BB121AAD01}</UniqueIdentifier>
      <Extensions>rc;ico;cur;bmp;dlg;rc2;rct;bin;rgs;gif;jpg;jpeg;jpe;resx;tiff;tif;png;wav;mfcribbon-ms</Extensions>
    </Filter>
    <Filter Include="entities">
      <UniqueIdentifier>{9352fdfd-cbb3-4d2e-9acc-d7faa7a92a13}</UniqueIdentifier>
    </Filter>
    <Filter Include="ds">
      <UniqueIdentifier>{3fa4e578-4e68-4208-8a1f-2deb52a5812c}</UniqueIdentifier>
    </Filter>
    <Filter Include="core">
      <UniqueIdentifier>{8c707d32-baf1-4aca-92f1-008e912983bc}</UniqueIdentifier>
    </Filter>
    <Filter Include="actions">
      <UniqueIdentifier>{708a9d62-1699-4f50-8232-1441ef477dc9}</UniqueIdentifier>
    </Filter>
    <Filter Include="UI">
      <UniqueIdentifier>{4acf6d74-d92c-4160-a267-567233bcba73}</UniqueIdentifier>
    </Filter>
    <Filter Include="Derived ds">
      <UniqueIdentifier>{be7a3f28-d81b-495c-be47-715fbf2ac39b}</UniqueIdentifier>
    </Filter>
  </ItemGroup>
  <ItemGroup>
    <ClInclude Include="entities\Order.h">
      <Filter>entities</Filter>
    </ClInclude>
    <ClInclude Include="actions\Action.h">
      <Filter>actions</Filter>
    </ClInclude>
    <ClInclude Include="core\Restaurant.h">
      <Filter>Header Files</Filter>
    </ClInclude>
    <ClInclude Include="entities\Chef.h">
      <Filter>entities</Filter>
    </ClInclude>
    <ClInclude Include="ds\Node.h">
      <Filter>ds</Filter>
    </ClInclude>
    <ClInclude Include="ds\ArrayStack.h">
      <Filter>ds</Filter>
    </ClInclude>
    <ClInclude Include="ds\LinkedQueue.h">
      <Filter>ds</Filter>
    </ClInclude>
    <ClInclude Include="ds\PriNode.h">
      <Filter>ds</Filter>
    </ClInclude>
    <ClInclude Include="ds\PriQueue.h">
      <Filter>ds</Filter>
    </ClInclude>
    <ClInclude Include="ds\QueueADT.h">
      <Filter>ds</Filter>
    </ClInclude>
    <ClInclude Include="actions\CancelAction.h">
      <Filter>actions</Filter>
    </ClInclude>
    <ClInclude Include="actions\RequestAction.h">
      <Filter>actions</Filter>
    </ClInclude>
    <ClInclude Include="DEFS.h">
      <Filter>Header Files</Filter>
    </ClInclude>
    <ClInclude Include="PriorityParameters.h">
      <Filter>Header Files</Filter>
    </ClInclude>
    <ClInclude Include="core\UI.h">
      <Filter>Header Files</Filter>
    </ClInclude>
    <ClInclude Include="Derived DS\CookingOrders.h">
      <Filter>Header Files</Filter>
    </ClInclude>
    <ClInclude Include="Derived DS\derivedQueue.h">
      <Filter>Header Files</Filter>
    </ClInclude>
    <ClInclude Include="Derived DS\Fit_Table.h">
      <Filter>Header Files</Filter>
    </ClInclude>
    <ClInclude Include="ds\StackADT.h">
      <Filter>Header Files</Filter>
    </ClInclude>
    <ClInclude Include="entities\Table.h">
      <Filter>Header Files</Filter>
    </ClInclude>
    <ClInclude Include="entities\Scooter.h">
      <Filter>Header Files</Filter>
    </ClInclude>
    <ClInclude Include="entities\ComboOrder.h">
      <Filter>Header Files</Filter>
    </ClInclude>
  </ItemGroup>
  <ItemGroup>
    <ClCompile Include="core\Restaurant.cpp">
      <Filter>Source Files</Filter>
    </ClCompile>
    <ClCompile Include="main.cpp">
      <Filter>Source Files</Filter>
    </ClCompile>
    <ClCompile Include="core\UI.cpp">
      <Filter>Source Files</Filter>
    </ClCompile>
  </ItemGroup>
  <ItemGroup>
    <Text Include="input1.txt" />
    <Text Include="input2.txt" />
    <Text Include="input3.txt" />
    <Text Include="input4.txt" />
    <Text Include="input6.txt" />
    <Text Include="Test_description.txt" />
  </ItemGroup>
  <ItemGroup>
    <None Include="input5.txt" />
  </ItemGroup>
</Project>